
Microsoft Visual Studio Solution File, Format Version 12.00
Project("{FAE04EC0-301F-11D3-BF4B-00C04F79EFBC}") = "Ao3Api", "Ao3Api\Ao3Api.csproj", "{D82A61F9-E820-4820-B1D9-201358207EA6}"
EndProject
Project("{FAE04EC0-301F-11D3-BF4B-00C04F79EFBC}") = "Ao3Domain", "Ao3Domain\Ao3Domain.csproj", "{FA86863D-F095-4CA9-B48E-00DCB79383EE}"
EndProject
Project("{FAE04EC0-301F-11D3-BF4B-00C04F79EFBC}") = "Ao3Functions", "Ao3Functions\Ao3Functions.csproj", "{4502BF8F-0094-409B-8B81-982AFBD008ED}"
EndProject
Global
	GlobalSection(SolutionConfigurationPlatforms) = preSolution
		Debug|Any CPU = Debug|Any CPU
		Release|Any CPU = Release|Any CPU
	EndGlobalSection
	GlobalSection(ProjectConfigurationPlatforms) = postSolution
		{D82A61F9-E820-4820-B1D9-201358207EA6}.Debug|Any CPU.ActiveCfg = Debug|Any CPU
		{D82A61F9-E820-4820-B1D9-201358207EA6}.Debug|Any CPU.Build.0 = Debug|Any CPU
		{D82A61F9-E820-4820-B1D9-201358207EA6}.Release|Any CPU.ActiveCfg = Release|Any CPU
		{D82A61F9-E820-4820-B1D9-201358207EA6}.Release|Any CPU.Build.0 = Release|Any CPU
		{FA86863D-F095-4CA9-B48E-00DCB79383EE}.Debug|Any CPU.ActiveCfg = Debug|Any CPU
		{FA86863D-F095-4CA9-B48E-00DCB79383EE}.Debug|Any CPU.Build.0 = Debug|Any CPU
		{FA86863D-F095-4CA9-B48E-00DCB79383EE}.Release|Any CPU.ActiveCfg = Release|Any CPU
		{FA86863D-F095-4CA9-B48E-00DCB79383EE}.Release|Any CPU.Build.0 = Release|Any CPU
		{4502BF8F-0094-409B-8B81-982AFBD008ED}.Debug|Any CPU.ActiveCfg = Debug|Any CPU
		{4502BF8F-0094-409B-8B81-982AFBD008ED}.Debug|Any CPU.Build.0 = Debug|Any CPU
		{4502BF8F-0094-409B-8B81-982AFBD008ED}.Release|Any CPU.ActiveCfg = Release|Any CPU
		{4502BF8F-0094-409B-8B81-982AFBD008ED}.Release|Any CPU.Build.0 = Release|Any CPU
	EndGlobalSection
EndGlobal
